
Microsoft Visual Studio Solution File, Format Version 12.00
# Visual Studio Version 17
VisualStudioVersion = 17.14.36623.8 d17.14
MinimumVisualStudioVersion = 10.0.40219.1
Project("{FAE04EC0-301F-11D3-BF4B-00C04F79EFBC}") = "AuthDemo.Api", "AuthDemo.Api.csproj", "{17657639-FB04-4120-8677-A76AEE484E4D}"
EndProject
Global
	GlobalSection(SolutionConfigurationPlatforms) = preSolution
		Debug|Any CPU = Debug|Any CPU
		Release|Any CPU = Release|Any CPU
	EndGlobalSection
	GlobalSection(ProjectConfigurationPlatforms) = postSolution
		{17657639-FB04-4120-8677-A76AEE484E4D}.Debug|Any CPU.ActiveCfg = Debug|Any CPU
		{17657639-FB04-4120-8677-A76AEE484E4D}.Debug|Any CPU.Build.0 = Debug|Any CPU
		{17657639-FB04-4120-8677-A76AEE484E4D}.Release|Any CPU.ActiveCfg = Release|Any CPU
		{17657639-FB04-4120-8677-A76AEE484E4D}.Release|Any CPU.Build.0 = Release|Any CPU
	EndGlobalSection
	GlobalSection(SolutionProperties) = preSolution
		HideSolutionNode = FALSE
	EndGlobalSection
	GlobalSection(ExtensibilityGlobals) = postSolution
		SolutionGuid = {69CD1116-97FB-406B-A689-E0646016E35F}
	EndGlobalSection
EndGlobal
